{
  "name": "kangkung-dep2",
  "lockfileVersion": 3,
  "requires": true,
  "packages": {
    "": {
      "dependencies": {
        "kangkung": "^1.0.1"
      }
    },
    "node_modules/kangkung": {
      "version": "1.0.1",
      "resolved": "https://registry.npmjs.org/kangkung/-/kangkung-1.0.1.tgz",
      "integrity": "sha512-mRS2xHFVJgwff+uCCXuJjv2zfHCl4aZKCZv4607wHFklvCwvGpr4wEzH6ZPROc/dSY5EC8dpbA66xGaCDGyc1Q=="
    }
  }
}
